// !$*UTF8*$!
{
	archiveVersion = 1;
	classes = {
	};
	objectVersion = 77;
	objects = {

/* Begin PBXBuildFile section */
		3F024FDF2E746F9100A8CE31 /* LICENSE in Resources */ = {isa = PBXBuildFile; fileRef = 3F024FDE2E746F9100A8CE31 /* LICENSE */; };
/* End PBXBuildFile section */

/* Begin PBXContainerItemProxy section */
		3F404C4D2E72E76D00AFA9DF /* PBXContainerItemProxy */ = {
			isa = PBXContainerItemProxy;
			containerPortal = 3F404C372E72E76A00AFA9DF /* Project object */;
			proxyType = 1;
			remoteGlobalIDString = 3F404C3E2E72E76A00AFA9DF;
			remoteInfo = "Job Searcher";
		};
		3F404C572E72E76D00AFA9DF /* PBXContainerItemProxy */ = {
			isa = PBXContainerItemProxy;
			containerPortal = 3F404C372E72E76A00AFA9DF /* Project object */;
			proxyType = 1;
			remoteGlobalIDString = 3F404C3E2E72E76A00AFA9DF;
			remoteInfo = "Job Searcher";
		};
/* End PBXContainerItemProxy section */

/* Begin PBXFileReference section */
		3F024FDE2E746F9100A8CE31 /* LICENSE */ = {isa = PBXFileReference; lastKnownFileType = text; path = LICENSE; sourceTree = "<group>"; };
		3F024FF12E74752B00A8CE31 /* Job Searcher.app */ = {isa = PBXFileReference; explicitFileType = wrapper.application; includeInIndex = 0; path = "Job Searcher.app"; sourceTree = BUILT_PRODUCTS_DIR; };
		3F024FF22E74752B00A8CE31 /* Job SearcherTests.xctest */ = {isa = PBXFileReference; explicitFileType = wrapper.cfbundle; includeInIndex = 0; path = "Job SearcherTests.xctest"; sourceTree = BUILT_PRODUCTS_DIR; };
		3F024FF32E74752B00A8CE31 /* Job SearcherUITests.xctest */ = {isa = PBXFileReference; explicitFileType = wrapper.cfbundle; includeInIndex = 0; path = "Job SearcherUITests.xctest"; sourceTree = BUILT_PRODUCTS_DIR; };
/* End PBXFileReference section */

/* Begin PBXFileSystemSynchronizedRootGroup section */
		3F404C412E72E76A00AFA9DF /* Job Searcher */ = {
			isa = PBXFileSystemSynchronizedRootGroup;
			path = "Job Searcher";
			sourceTree = "<group>";
		};
		3F404C4F2E72E76D00AFA9DF /* Job SearcherTests */ = {
			isa = PBXFileSystemSynchronizedRootGroup;
			path = "Job SearcherTests";
			sourceTree = "<group>";
		};
		3F404C592E72E76D00AFA9DF /* Job SearcherUITests */ = {
			isa = PBXFileSystemSynchronizedRootGroup;
			path = "Job SearcherUITests";
			sourceTree = "<group>";
		};
/* End PBXFileSystemSynchronizedRootGroup section */

/* Begin PBXFrameworksBuildPhase section */
		3F404C3C2E72E76A00AFA9DF /* Frameworks */ = {
			isa = PBXFrameworksBuildPhase;
			buildActionMask = 2147483647;
			files = (
			);
			runOnlyForDeploymentPostprocessing = 0;
		};
		3F404C492E72E76D00AFA9DF /* Frameworks */ = {
			isa = PBXFrameworksBuildPhase;
			buildActionMask = 2147483647;
			files = (
			);
			runOnlyForDeploymentPostprocessing = 0;
		};
		3F404C532E72E76D00AFA9DF /* Frameworks */ = {
			isa = PBXFrameworksBuildPhase;
			buildActionMask = 2147483647;
			files = (
			);
			runOnlyForDeploymentPostprocessing = 0;
		};
/* End PBXFrameworksBuildPhase section */

/* Begin PBXGroup section */
		3F404C362E72E76A00AFA9DF = {
			isa = PBXGroup;
			children = (
				3F404C412E72E76A00AFA9DF /* Job Searcher */,
				3F404C4F2E72E76D00AFA9DF /* Job SearcherTests */,
				3F404C592E72E76D00AFA9DF /* Job SearcherUITests */,
				3F024FDE2E746F9100A8CE31 /* LICENSE */,
				3F024FF12E74752B00A8CE31 /* Job Searcher.app */,
				3F024FF22E74752B00A8CE31 /* Job SearcherTests.xctest */,
				3F024FF32E74752B00A8CE31 /* Job SearcherUITests.xctest */,
			);
			sourceTree = "<group>";
		};
/* End PBXGroup section */

/* Begin PBXNativeTarget section */
		3F404C3E2E72E76A00AFA9DF /* Job Searcher */ = {
			isa = PBXNativeTarget;
			buildConfigurationList = 3F404C602E72E76D00AFA9DF /* Build configuration list for PBXNativeTarget "Job Searcher" */;
			buildPhases = (
				3F404C3B2E72E76A00AFA9DF /* Sources */,
				3F404C3C2E72E76A00AFA9DF /* Frameworks */,
				3F404C3D2E72E76A00AFA9DF /* Resources */,
			);
			buildRules = (
			);
			dependencies = (
			);
			fileSystemSynchronizedGroups = (
				3F404C412E72E76A00AFA9DF /* Job Searcher */,
			);
			name = "Job Searcher";
			packageProductDependencies = (
			);
			productName = "Job Searcher";
			productReference = 3F024FF12E74752B00A8CE31 /* Job Searcher.app */;
			productType = "com.apple.product-type.application";
		};
		3F404C4B2E72E76D00AFA9DF /* Job SearcherTests */ = {
			isa = PBXNativeTarget;
			buildConfigurationList = 3F404C632E72E76D00AFA9DF /* Build configuration list for PBXNativeTarget "Job SearcherTests" */;
			buildPhases = (
				3F404C482E72E76D00AFA9DF /* Sources */,
				3F404C492E72E76D00AFA9DF /* Frameworks */,
				3F404C4A2E72E76D00AFA9DF /* Resources */,
			);
			buildRules = (
			);
			dependencies = (
				3F404C4E2E72E76D00AFA9DF /* PBXTargetDependency */,
			);
			fileSystemSynchronizedGroups = (
				3F404C4F2E72E76D00AFA9DF /* Job SearcherTests */,
			);
			name = "Job SearcherTests";
			packageProductDependencies = (
			);
			productName = "Job SearcherTests";
			productReference = 3F024FF22E74752B00A8CE31 /* Job SearcherTests.xctest */;
			productType = "com.apple.product-type.bundle.unit-test";
		};
		3F404C552E72E76D00AFA9DF /* Job SearcherUITests */ = {
			isa = PBXNativeTarget;
			buildConfigurationList = 3F404C662E72E76D00AFA9DF /* Build configuration list for PBXNativeTarget "Job SearcherUITests" */;
			buildPhases = (
				3F404C522E72E76D00AFA9DF /* Sources */,
				3F404C532E72E76D00AFA9DF /* Frameworks */,
				3F404C542E72E76D00AFA9DF /* Resources */,
			);
			buildRules = (
			);
			dependencies = (
				3F404C582E72E76D00AFA9DF /* PBXTargetDependency */,
			);
			fileSystemSynchronizedGroups = (
				3F404C592E72E76D00AFA9DF /* Job SearcherUITests */,
			);
			name = "Job SearcherUITests";
			packageProductDependencies = (
			);
			productName = "Job SearcherUITests";
			productReference = 3F024FF32E74752B00A8CE31 /* Job SearcherUITests.xctest */;
			productType = "com.apple.product-type.bundle.ui-testing";
		};
/* End PBXNativeTarget section */

/* Begin PBXProject section */
		3F404C372E72E76A00AFA9DF /* Project object */ = {
			isa = PBXProject;
			attributes = {
				BuildIndependentTargetsInParallel = 1;
				LastSwiftUpdateCheck = 1640;
				LastUpgradeCheck = 1640;
				TargetAttributes = {
					3F404C3E2E72E76A00AFA9DF = {
						CreatedOnToolsVersion = 16.4;
					};
					3F404C4B2E72E76D00AFA9DF = {
						CreatedOnToolsVersion = 16.4;
						TestTargetID = 3F404C3E2E72E76A00AFA9DF;
					};
					3F404C552E72E76D00AFA9DF = {
						CreatedOnToolsVersion = 16.4;
						TestTargetID = 3F404C3E2E72E76A00AFA9DF;
					};
				};
			};
			buildConfigurationList = 3F404C3A2E72E76A00AFA9DF /* Build configuration list for PBXProject "Job Searcher" */;
			developmentRegion = en;
			hasScannedForEncodings = 0;
			knownRegions = (
				en,
				Base,
			);
			mainGroup = 3F404C362E72E76A00AFA9DF;
			minimizedProjectReferenceProxies = 1;
			preferredProjectObjectVersion = 77;
			productRefGroup = 3F404C362E72E76A00AFA9DF;
			projectDirPath = "";
			projectRoot = "";
			targets = (
				3F404C3E2E72E76A00AFA9DF /* Job Searcher */,
				3F404C4B2E72E76D00AFA9DF /* Job SearcherTests */,
				3F404C552E72E76D00AFA9DF /* Job SearcherUITests */,
			);
		};
/* End PBXProject section */

/* Begin PBXResourcesBuildPhase section */
		3F404C3D2E72E76A00AFA9DF /* Resources */ = {
			isa = PBXResourcesBuildPhase;
			buildActionMask = 2147483647;
			files = (
				3F024FDF2E746F9100A8CE31 /* LICENSE in Resources */,
			);
			runOnlyForDeploymentPostprocessing = 0;
		};
		3F404C4A2E72E76D00AFA9DF /* Resources */ = {
			isa = PBXResourcesBuildPhase;
			buildActionMask = 2147483647;
			files = (
			);
			runOnlyForDeploymentPostprocessing = 0;
		};
		3F404C542E72E76D00AFA9DF /* Resources */ = {
			isa = PBXResourcesBuildPhase;
			buildActionMask = 2147483647;
			files = (
			);
			runOnlyForDeploymentPostprocessing = 0;
		};
/* End PBXResourcesBuildPhase section */

/* Begin PBXSourcesBuildPhase section */
		3F404C3B2E72E76A00AFA9DF /* Sources */ = {
			isa = PBXSourcesBuildPhase;
			buildActionMask = 2147483647;
			files = (
			);
			runOnlyForDeploymentPostprocessing = 0;
		};
		3F404C482E72E76D00AFA9DF /* Sources */ = {
			isa = PBXSourcesBuildPhase;
			buildActionMask = 2147483647;
			files = (
			);
			runOnlyForDeploymentPostprocessing = 0;
		};
		3F404C522E72E76D00AFA9DF /* Sources */ = {
			isa = PBXSourcesBuildPhase;
			buildActionMask = 2147483647;
			files = (
			);
			runOnlyForDeploymentPostprocessing = 0;
		};
/* End PBXSourcesBuildPhase section */

/* Begin PBXTargetDependency section */
		3F404C4E2E72E76D00AFA9DF /* PBXTargetDependency */ = {
			isa = PBXTargetDependency;
			target = 3F404C3E2E72E76A00AFA9DF /* Job Searcher */;
			targetProxy = 3F404C4D2E72E76D00AFA9DF /* PBXContainerItemProxy */;
		};
		3F404C582E72E76D00AFA9DF /* PBXTargetDependency */ = {
			isa = PBXTargetDependency;
			target = 3F404C3E2E72E76A00AFA9DF /* Job Searcher */;
			targetProxy = 3F404C572E72E76D00AFA9DF /* PBXContainerItemProxy */;
		};
/* End PBXTargetDependency section */

/* Begin XCBuildConfiguration section */
		3F404C5E2E72E76D00AFA9DF /* Debug */ = {
			isa = XCBuildConfiguration;
			buildSettings = {
				ALWAYS_SEARCH_USER_PATHS = NO;
				ASSETCATALOG_COMPILER_GENERATE_SWIFT_ASSET_SYMBOL_EXTENSIONS = YES;
				CLANG_ANALYZER_NONNULL = YES;
				CLANG_ANALYZER_NUMBER_OBJECT_CONVERSION = YES_AGGRESSIVE;
				CLANG_CXX_LANGUAGE_STANDARD = "gnu++20";
				CLANG_ENABLE_MODULES = YES;
				CLANG_ENABLE_OBJC_ARC = YES;
				CLANG_ENABLE_OBJC_WEAK = YES;
				CLANG_WARN_BLOCK_CAPTURE_AUTORELEASING = YES;
				CLANG_WARN_BOOL_CONVERSION = YES;
				CLANG_WARN_COMMA = YES;
				CLANG_WARN_CONSTANT_CONVERSION = YES;
				CLANG_WARN_DEPRECATED_OBJC_IMPLEMENTATIONS = YES;
				CLANG_WARN_DIRECT_OBJC_ISA_USAGE = YES_ERROR;
				CLANG_WARN_DOCUMENTATION_COMMENTS = YES;
				CLANG_WARN_EMPTY_BODY = YES;
				CLANG_WARN_ENUM_CONVERSION = YES;
				CLANG_WARN_INFINITE_RECURSION = YES;
				CLANG_WARN_INT_CONVERSION = YES;
				CLANG_WARN_NON_LITERAL_NULL_CONVERSION = YES;
				CLANG_WARN_OBJC_IMPLICIT_RETAIN_SELF = YES;
				CLANG_WARN_OBJC_LITERAL_CONVERSION = YES;
				CLANG_WARN_OBJC_ROOT_CLASS = YES_ERROR;
				CLANG_WARN_QUOTED_INCLUDE_IN_FRAMEWORK_HEADER = YES;
				CLANG_WARN_RANGE_LOOP_ANALYSIS = YES;
				CLANG_WARN_STRICT_PROTOTYPES = YES;
				CLANG_WARN_SUSPICIOUS_MOVE = YES;
				CLANG_WARN_UNGUARDED_AVAILABILITY = YES_AGGRESSIVE;
				CLANG_WARN_UNREACHABLE_CODE = YES;
				CLANG_WARN__DUPLICATE_METHOD_MATCH = YES;
				COPY_PHASE_STRIP = NO;
				DEBUG_INFORMATION_FORMAT = dwarf;
				DEVELOPMENT_TEAM = 9GMHP2CF6M;
				ENABLE_STRICT_OBJC_MSGSEND = YES;
				ENABLE_TESTABILITY = YES;
				ENABLE_USER_SCRIPT_SANDBOXING = YES;
				GCC_C_LANGUAGE_STANDARD = gnu17;
				GCC_DYNAMIC_NO_PIC = NO;
				GCC_NO_COMMON_BLOCKS = YES;
				GCC_OPTIMIZATION_LEVEL = 0;
				GCC_PREPROCESSOR_DEFINITIONS = (
					"DEBUG=1",
					"$(inherited)",
				);
				GCC_WARN_64_TO_32_BIT_CONVERSION = YES;
				GCC_WARN_ABOUT_RETURN_TYPE = YES_ERROR;
				GCC_WARN_UNDECLARED_SELECTOR = YES;
				GCC_WARN_UNINITIALIZED_AUTOS = YES_AGGRESSIVE;
				GCC_WARN_UNUSED_FUNCTION = YES;
				GCC_WARN_UNUSED_VARIABLE = YES;
				IPHONEOS_DEPLOYMENT_TARGET = 18.5;
				LOCALIZATION_PREFERS_STRING_CATALOGS = YES;
				MTL_ENABLE_DEBUG_INFO = INCLUDE_SOURCE;
				MTL_FAST_MATH = YES;
				ONLY_ACTIVE_ARCH = YES;
				SDKROOT = iphoneos;
				SWIFT_ACTIVE_COMPILATION_CONDITIONS = "DEBUG $(inherited)";
				SWIFT_OPTIMIZATION_LEVEL = "-Onone";
			};
			name = Debug;
		};
		3F404C5F2E72E76D00AFA9DF /* Release */ = {
			isa = XCBuildConfiguration;
			buildSettings = {
				ALWAYS_SEARCH_USER_PATHS = NO;
				ASSETCATALOG_COMPILER_GENERATE_SWIFT_ASSET_SYMBOL_EXTENSIONS = YES;
				CLANG_ANALYZER_NONNULL = YES;
				CLANG_ANALYZER_NUMBER_OBJECT_CONVERSION = YES_AGGRESSIVE;
				CLANG_CXX_LANGUAGE_STANDARD = "gnu++20";
				CLANG_ENABLE_MODULES = YES;
				CLANG_ENABLE_OBJC_ARC = YES;
				CLANG_ENABLE_OBJC_WEAK = YES;
				CLANG_WARN_BLOCK_CAPTURE_AUTORELEASING = YES;
				CLANG_WARN_BOOL_CONVERSION = YES;
				CLANG_WARN_COMMA = YES;
				CLANG_WARN_CONSTANT_CONVERSION = YES;
				CLANG_WARN_DEPRECATED_OBJC_IMPLEMENTATIONS = YES;
				CLANG_WARN_DIRECT_OBJC_ISA_USAGE = YES_ERROR;
				CLANG_WARN_DOCUMENTATION_COMMENTS = YES;
				CLANG_WARN_EMPTY_BODY = YES;
				CLANG_WARN_ENUM_CONVERSION = YES;
				CLANG_WARN_INFINITE_RECURSION = YES;
				CLANG_WARN_INT_CONVERSION = YES;
				CLANG_WARN_NON_LITERAL_NULL_CONVERSION = YES;
				CLANG_WARN_OBJC_IMPLICIT_RETAIN_SELF = YES;
				CLANG_WARN_OBJC_LITERAL_CONVERSION = YES;
				CLANG_WARN_OBJC_ROOT_CLASS = YES_ERROR;
				CLANG_WARN_QUOTED_INCLUDE_IN_FRAMEWORK_HEADER = YES;
				CLANG_WARN_RANGE_LOOP_ANALYSIS = YES;
				CLANG_WARN_STRICT_PROTOTYPES = YES;
				CLANG_WARN_SUSPICIOUS_MOVE = YES;
				CLANG_WARN_UNGUARDED_AVAILABILITY = YES_AGGRESSIVE;
				CLANG_WARN_UNREACHABLE_CODE = YES;
				CLANG_WARN__DUPLICATE_METHOD_MATCH = YES;
				COPY_PHASE_STRIP = NO;
				DEBUG_INFORMATION_FORMAT = "dwarf-with-dsym";
				DEVELOPMENT_TEAM = 9GMHP2CF6M;
				ENABLE_NS_ASSERTIONS = NO;
				ENABLE_STRICT_OBJC_MSGSEND = YES;
				ENABLE_USER_SCRIPT_SANDBOXING = YES;
				GCC_C_LANGUAGE_STANDARD = gnu17;
				GCC_NO_COMMON_BLOCKS = YES;
				GCC_WARN_64_TO_32_BIT_CONVERSION = YES;
				GCC_WARN_ABOUT_RETURN_TYPE = YES_ERROR;
				GCC_WARN_UNDECLARED_SELECTOR = YES;
				GCC_WARN_UNINITIALIZED_AUTOS = YES_AGGRESSIVE;
				GCC_WARN_UNUSED_FUNCTION = YES;
				GCC_WARN_UNUSED_VARIABLE = YES;
				IPHONEOS_DEPLOYMENT_TARGET = 18.5;
				LOCALIZATION_PREFERS_STRING_CATALOGS = YES;
				MTL_ENABLE_DEBUG_INFO = NO;
				MTL_FAST_MATH = YES;
				SDKROOT = iphoneos;
				SWIFT_COMPILATION_MODE = wholemodule;
				VALIDATE_PRODUCT = YES;
			};
			name = Release;
		};
		3F404C612E72E76D00AFA9DF /* Debug */ = {
			isa = XCBuildConfiguration;
			buildSettings = {
				ASSETCATALOG_COMPILER_APPICON_NAME = AppIcon;
				ASSETCATALOG_COMPILER_GLOBAL_ACCENT_COLOR_NAME = AccentColor;
				CODE_SIGN_STYLE = Automatic;
				CURRENT_PROJECT_VERSION = 1;
				DEVELOPMENT_TEAM = 9GMHP2CF6M;
				ENABLE_PREVIEWS = YES;
				GENERATE_INFOPLIST_FILE = YES;
				INFOPLIST_FILE = "Job-Searcher-Info.plist";
				INFOPLIST_KEY_UIApplicationSceneManifest_Generation = YES;
				INFOPLIST_KEY_UIApplicationSupportsIndirectInputEvents = YES;
				INFOPLIST_KEY_UILaunchScreen_Generation = YES;
				INFOPLIST_KEY_UISupportedInterfaceOrientations_iPad = "UIInterfaceOrientationPortrait UIInterfaceOrientationPortraitUpsideDown UIInterfaceOrientationLandscapeLeft UIInterfaceOrientationLandscapeRight";
				INFOPLIST_KEY_UISupportedInterfaceOrientations_iPhone = "UIInterfaceOrientationPortrait UIInterfaceOrientationLandscapeLeft UIInterfaceOrientationLandscapeRight";
				LD_RUNPATH_SEARCH_PATHS = (
					"$(inherited)",
					"@executable_path/Frameworks",
				);
				MARKETING_VERSION = 1.0;
				PRODUCT_BUNDLE_IDENTIFIER = "org.abhinavgoel.Job-Searcher";
				PRODUCT_NAME = "$(TARGET_NAME)";
				SWIFT_EMIT_LOC_STRINGS = YES;
				SWIFT_VERSION = 5.0;
				TARGETED_DEVICE_FAMILY = "1,2";
			};
			name = Debug;
		};
		3F404C622E72E76D00AFA9DF /* Release */ = {
			isa = XCBuildConfiguration;
			buildSettings = {
				ASSETCATALOG_COMPILER_APPICON_NAME = AppIcon;
				ASSETCATALOG_COMPILER_GLOBAL_ACCENT_COLOR_NAME = AccentColor;
				CODE_SIGN_STYLE = Automatic;
				CURRENT_PROJECT_VERSION = 1;
				DEVELOPMENT_TEAM = 9GMHP2CF6M;
				ENABLE_PREVIEWS = YES;
				GENERATE_INFOPLIST_FILE = YES;
				INFOPLIST_FILE = "Job-Searcher-Info.plist";
				INFOPLIST_KEY_UIApplicationSceneManifest_Generation = YES;
				INFOPLIST_KEY_UIApplicationSupportsIndirectInputEvents = YES;
				INFOPLIST_KEY_UILaunchScreen_Generation = YES;
				INFOPLIST_KEY_UISupportedInterfaceOrientations_iPad = "UIInterfaceOrientationPortrait UIInterfaceOrientationPortraitUpsideDown UIInterfaceOrientationLandscapeLeft UIInterfaceOrientationLandscapeRight";
				INFOPLIST_KEY_UISupportedInterfaceOrientations_iPhone = "UIInterfaceOrientationPortrait UIInterfaceOrientationLandscapeLeft UIInterfaceOrientationLandscapeRight";
				LD_RUNPATH_SEARCH_PATHS = (
					"$(inherited)",
					"@executable_path/Frameworks",
				);
				MARKETING_VERSION = 1.0;
				PRODUCT_BUNDLE_IDENTIFIER = "org.abhinavgoel.Job-Searcher";
				PRODUCT_NAME = "$(TARGET_NAME)";
				SWIFT_EMIT_LOC_STRINGS = YES;
				SWIFT_VERSION = 5.0;
				TARGETED_DEVICE_FAMILY = "1,2";
			};
			name = Release;
		};
		3F404C642E72E76D00AFA9DF /* Debug */ = {
			isa = XCBuildConfiguration;
			buildSettings = {
				BUNDLE_LOADER = "$(TEST_HOST)";
				CODE_SIGN_STYLE = Automatic;
				CURRENT_PROJECT_VERSION = 1;
				DEVELOPMENT_TEAM = 9GMHP2CF6M;
				GENERATE_INFOPLIST_FILE = YES;
				IPHONEOS_DEPLOYMENT_TARGET = 18.5;
				MARKETING_VERSION = 1.0;
				PRODUCT_BUNDLE_IDENTIFIER = "org.abhinavgoel.Job-SearcherTests";
				PRODUCT_NAME = "$(TARGET_NAME)";
				SWIFT_EMIT_LOC_STRINGS = NO;
				SWIFT_VERSION = 5.0;
				TARGETED_DEVICE_FAMILY = "1,2";
				TEST_HOST = "$(BUILT_PRODUCTS_DIR)/Job Searcher.app/$(BUNDLE_EXECUTABLE_FOLDER_PATH)/Job Searcher";
			};
			name = Debug;
		};
		3F404C652E72E76D00AFA9DF /* Release */ = {
			isa = XCBuildConfiguration;
			buildSettings = {
				BUNDLE_LOADER = "$(TEST_HOST)";
				CODE_SIGN_STYLE = Automatic;
				CURRENT_PROJECT_VERSION = 1;
				DEVELOPMENT_TEAM = 9GMHP2CF6M;
				GENERATE_INFOPLIST_FILE = YES;
				IPHONEOS_DEPLOYMENT_TARGET = 18.5;
				MARKETING_VERSION = 1.0;
				PRODUCT_BUNDLE_IDENTIFIER = "org.abhinavgoel.Job-SearcherTests";
				PRODUCT_NAME = "$(TARGET_NAME)";
				SWIFT_EMIT_LOC_STRINGS = NO;
				SWIFT_VERSION = 5.0;
				TARGETED_DEVICE_FAMILY = "1,2";
				TEST_HOST = "$(BUILT_PRODUCTS_DIR)/Job Searcher.app/$(BUNDLE_EXECUTABLE_FOLDER_PATH)/Job Searcher";
			};
			name = Release;
		};
		3F404C672E72E76D00AFA9DF /* Debug */ = {
			isa = XCBuildConfiguration;
			buildSettings = {
				CODE_SIGN_STYLE = Automatic;
				CURRENT_PROJECT_VERSION = 1;
				DEVELOPMENT_TEAM = 9GMHP2CF6M;
				GENERATE_INFOPLIST_FILE = YES;
				MARKETING_VERSION = 1.0;
				PRODUCT_BUNDLE_IDENTIFIER = "org.abhinavgoel.Job-SearcherUITests";
				PRODUCT_NAME = "$(TARGET_NAME)";
				SWIFT_EMIT_LOC_STRINGS = NO;
				SWIFT_VERSION = 5.0;
				TARGETED_DEVICE_FAMILY = "1,2";
				TEST_TARGET_NAME = "Job Searcher";
			};
			name = Debug;
		};
		3F404C682E72E76D00AFA9DF /* Release */ = {
			isa = XCBuildConfiguration;
			buildSettings = {
				CODE_SIGN_STYLE = Automatic;
				CURRENT_PROJECT_VERSION = 1;
				DEVELOPMENT_TEAM = 9GMHP2CF6M;
				GENERATE_INFOPLIST_FILE = YES;
				MARKETING_VERSION = 1.0;
				PRODUCT_BUNDLE_IDENTIFIER = "org.abhinavgoel.Job-SearcherUITests";
				PRODUCT_NAME = "$(TARGET_NAME)";
				SWIFT_EMIT_LOC_STRINGS = NO;
				SWIFT_VERSION = 5.0;
				TARGETED_DEVICE_FAMILY = "1,2";
				TEST_TARGET_NAME = "Job Searcher";
			};
			name = Release;
		};
/* End XCBuildConfiguration section */

/* Begin XCConfigurationList section */
		3F404C3A2E72E76A00AFA9DF /* Build configuration list for PBXProject "Job Searcher" */ = {
			isa = XCConfigurationList;
			buildConfigurations = (
				3F404C5E2E72E76D00AFA9DF /* Debug */,
				3F404C5F2E72E76D00AFA9DF /* Release */,
			);
			defaultConfigurationIsVisible = 0;
			defaultConfigurationName = Release;
		};
		3F404C602E72E76D00AFA9DF /* Build configuration list for PBXNativeTarget "Job Searcher" */ = {
			isa = XCConfigurationList;
			buildConfigurations = (
				3F404C612E72E76D00AFA9DF /* Debug */,
				3F404C622E72E76D00AFA9DF /* Release */,
			);
			defaultConfigurationIsVisible = 0;
			defaultConfigurationName = Release;
		};
		3F404C632E72E76D00AFA9DF /* Build configuration list for PBXNativeTarget "Job SearcherTests" */ = {
			isa = XCConfigurationList;
			buildConfigurations = (
				3F404C642E72E76D00AFA9DF /* Debug */,
				3F404C652E72E76D00AFA9DF /* Release */,
			);
			defaultConfigurationIsVisible = 0;
			defaultConfigurationName = Release;
		};
		3F404C662E72E76D00AFA9DF /* Build configuration list for PBXNativeTarget "Job SearcherUITests" */ = {
			isa = XCConfigurationList;
			buildConfigurations = (
				3F404C672E72E76D00AFA9DF /* Debug */,
				3F404C682E72E76D00AFA9DF /* Release */,
			);
			defaultConfigurationIsVisible = 0;
			defaultConfigurationName = Release;
		};
/* End XCConfigurationList section */
	};
	rootObject = 3F404C372E72E76A00AFA9DF /* Project object */;
}
